
Microsoft Visual Studio Solution File, Format Version 12.00
# Visual Studio Version 17
VisualStudioVersion = 17.4.33403.182
MinimumVisualStudioVersion = 10.0.40219.1
Project("{FAE04EC0-301F-11D3-BF4B-00C04F79EFBC}") = "Laguerre Framework cs", "Laguerre Framework cs\Laguerre Framework cs.csproj", "{65429051-2B49-412F-9AEB-DA7DA0866768}"
EndProject
Global
	GlobalSection(SolutionConfigurationPlatforms) = preSolution
		Debug|Any CPU = Debug|Any CPU
		Release|Any CPU = Release|Any CPU
	EndGlobalSection
	GlobalSection(ProjectConfigurationPlatforms) = postSolution
		{65429051-2B49-412F-9AEB-DA7DA0866768}.Debug|Any CPU.ActiveCfg = Debug|Any CPU
		{65429051-2B49-412F-9AEB-DA7DA0866768}.Debug|Any CPU.Build.0 = Debug|Any CPU
		{65429051-2B49-412F-9AEB-DA7DA0866768}.Release|Any CPU.ActiveCfg = Release|Any CPU
		{65429051-2B49-412F-9AEB-DA7DA0866768}.Release|Any CPU.Build.0 = Release|Any CPU
	EndGlobalSection
	GlobalSection(SolutionProperties) = preSolution
		HideSolutionNode = FALSE
	EndGlobalSection
	GlobalSection(ExtensibilityGlobals) = postSolution
		SolutionGuid = {BCBFF2DD-3EC8-498C-AC71-A9F00A3C7552}
	EndGlobalSection
EndGlobal
